# This file is autogenerated, do not edit; changes may be undone by the next 'dep ensure'.


[[projects]]
  digest = "1:0afa63759ae8c5aa13d813346e414e7ed3bde76a98f48b9ebe3272f5a5e2f7ec"
  name = "github.com/franela/goblin"
  packages = ["."]
  pruneopts = "UT"
  revision = "cd5d08fb4ede9eaac1812fdb513552e7404eae2e"
  version = "0.0.2"

[[projects]]
  digest = "1:0e16b03c72bd42739ca68d055c10369e60d17838428f512f3b29ae115ba788e0"
  name = "github.com/gdamore/encoding"
  packages = ["."]
  pruneopts = "UT"
  revision = "6289cdc94c00ac4aa177771c5fce7af2f96b626d"
  version = "v1.0.0"

[[projects]]
  digest = "1:937011a37a09b93be68052dfb3195fcfbff33b9472b37401b54027e9954906fb"
  name = "github.com/gdamore/tcell"
  packages = [
    ".",
    "terminfo",
  ]
  pruneopts = "UT"
  revision = "aaadc574a6ed8dc3abe56036ca130dcee1ee6b6e"
  version = "v1.1.1"

[[projects]]
  digest = "1:39de67207027b7374272d5ec9b1bf85457714150ba1263e8d236316629dad570"
  name = "github.com/lucasb-eyer/go-colorful"
  packages = ["."]
  pruneopts = "UT"
  revision = "30298f24079860c4dee452fdef6519b362a4a026"
  version = "v1.0.2"

[[projects]]
  digest = "1:0356f3312c9bd1cbeda81505b7fd437501d8e778ab66998ef69f00d7f9b3a0d7"
  name = "github.com/mattn/go-runewidth"
  packages = ["."]
  pruneopts = "UT"
  revision = "3ee7d812e62a0804a7d0a324e0249ca2db3476d3"
  version = "v0.0.4"

[[projects]]
  branch = "master"
  digest = "1:65d59a5b6a44b52bc2449479cc40de6da03398ef9c6323ea868c9ac752b9d441"
  name = "github.com/rivo/tview"
  packages = ["."]
  pruneopts = "UT"
  revision = "90b4da1bd64ceee13d2e7d782b315b819190f7bf"

[[projects]]
  branch = "master"
  digest = "1:ab2d8dae71aefc7057f8da6a765968d46cb4190aee8ba247c46afc129d45a3bf"
  name = "github.com/rivo/uniseg"
  packages = ["."]
  pruneopts = "UT"
  revision = "f699dde9c340bcc39b69a4c67369832af73ec72e"

[[projects]]
  digest = "1:7093ab359f15c3663a7cfdc539e9eaf44635bc46376d8b888fe480b3ccfbad4d"
  name = "golang.org/x/text"
  packages = [
    "encoding",
    "encoding/charmap",
    "encoding/internal",
    "encoding/internal/identifier",
    "internal/gen",
    "transform",
    "unicode/cldr",
  ]
  pruneopts = "UT"
  revision = "342b2e1fbaa52c93f31447ad2c6abc048c63e475"
  version = "v0.3.2"

[[projects]]
  digest = "1:4d2e5a73dc1500038e504a8d78b986630e3626dc027bc030ba5c75da257cdb96"
  name = "gopkg.in/yaml.v2"
  packages = ["."]
  pruneopts = "UT"
  revision = "51d6538a90f86fe93ac480b35f37b2be17fef232"
  version = "v2.2.2"

[solve-meta]
  analyzer-name = "dep"
  analyzer-version = 1
  input-imports = [
    "github.com/franela/goblin",
    "github.com/gdamore/tcell",
    "github.com/mattn/go-runewidth",
    "github.com/rivo/tview",
    "github.com/rivo/uniseg",
    "golang.org/x/text/encoding",
    "golang.org/x/text/encoding/charmap",
    "golang.org/x/text/transform",
    "gopkg.in/yaml.v2",
  ]
  solver-name = "gps-cdcl"
  solver-version = 1
