# This file is autogenerated, do not edit; changes may be undone by the next 'dep ensure'.


[[projects]]
  branch = "master"
  digest = "1:f0d6cd4cef7c77ee87afc21195201cda66c03e100a07116c8f544c9778b991c8"
  name = "github.com/askovpen/gocui"
  packages = ["."]
  pruneopts = "UT"
  revision = "fe1e9c7c6ac7c9ecbe105a6c06a25df39b41a814"

[[projects]]
  branch = "master"
  digest = "1:274a873aa98837ede6cf04b66b42b0fa5012d681934849dfc2e7a6b164483f61"
  name = "github.com/askovpen/termbox-go"
  packages = ["."]
  pruneopts = "UT"
  revision = "33150277f9026ea5be5f5163d26911b454a955af"

[[projects]]
  digest = "1:0afa63759ae8c5aa13d813346e414e7ed3bde76a98f48b9ebe3272f5a5e2f7ec"
  name = "github.com/franela/goblin"
  packages = ["."]
  pruneopts = "UT"
  revision = "cd5d08fb4ede9eaac1812fdb513552e7404eae2e"
  version = "0.0.2"

[[projects]]
  digest = "1:0356f3312c9bd1cbeda81505b7fd437501d8e778ab66998ef69f00d7f9b3a0d7"
  name = "github.com/mattn/go-runewidth"
  packages = ["."]
  pruneopts = "UT"
  revision = "3ee7d812e62a0804a7d0a324e0249ca2db3476d3"
  version = "v0.0.4"

[[projects]]
  digest = "1:e2e7f5211c3327ff52e02773e4fd477842b2fed07ead33ec342970de162610ac"
  name = "golang.org/x/text"
  packages = [
    "encoding",
    "encoding/charmap",
    "encoding/internal",
    "encoding/internal/identifier",
    "internal/gen",
    "transform",
    "unicode/cldr",
  ]
  pruneopts = "UT"
  revision = "f21a4dfb5e38f5895301dc265a8def02365cc3d0"
  version = "v0.3.0"

[[projects]]
  digest = "1:4d2e5a73dc1500038e504a8d78b986630e3626dc027bc030ba5c75da257cdb96"
  name = "gopkg.in/yaml.v2"
  packages = ["."]
  pruneopts = "UT"
  revision = "51d6538a90f86fe93ac480b35f37b2be17fef232"
  version = "v2.2.2"

[solve-meta]
  analyzer-name = "dep"
  analyzer-version = 1
  input-imports = [
    "github.com/askovpen/gocui",
    "github.com/franela/goblin",
    "golang.org/x/text/encoding",
    "golang.org/x/text/encoding/charmap",
    "golang.org/x/text/transform",
    "gopkg.in/yaml.v2",
  ]
  solver-name = "gps-cdcl"
  solver-version = 1
